
Microsoft Visual Studio Solution File, Format Version 12.00
# Visual Studio Version 16
VisualStudioVersion = 16.0.30907.101
MinimumVisualStudioVersion = 10.0.40219.1
Project("{9A19103F-16F7-4668-BE54-9A1E7A4F7556}") = "lvamon", "lvamon.csproj", "{51B030CC-1785-4524-996C-59E2AC81B3EB}"
EndProject
Global
	GlobalSection(SolutionConfigurationPlatforms) = preSolution
		Debug|Any CPU = Debug|Any CPU
		Release|Any CPU = Release|Any CPU
	EndGlobalSection
	GlobalSection(ProjectConfigurationPlatforms) = postSolution
		{51B030CC-1785-4524-996C-59E2AC81B3EB}.Debug|Any CPU.ActiveCfg = Debug|Any CPU
		{51B030CC-1785-4524-996C-59E2AC81B3EB}.Debug|Any CPU.Build.0 = Debug|Any CPU
		{51B030CC-1785-4524-996C-59E2AC81B3EB}.Release|Any CPU.ActiveCfg = Release|Any CPU
		{51B030CC-1785-4524-996C-59E2AC81B3EB}.Release|Any CPU.Build.0 = Release|Any CPU
	EndGlobalSection
	GlobalSection(SolutionProperties) = preSolution
		HideSolutionNode = FALSE
	EndGlobalSection
	GlobalSection(ExtensibilityGlobals) = postSolution
		SolutionGuid = {7D632AEF-0013-48C7-A45E-121311FA832B}
	EndGlobalSection
EndGlobal
